
Microsoft Visual Studio Solution File, Format Version 12.00
# Visual Studio Version 17
VisualStudioVersion = 17.4.33213.308
MinimumVisualStudioVersion = 10.0.40219.1
Project("{9A19103F-16F7-4668-BE54-9A1E7A4F7556}") = "Shape", "Shape.csproj", "{0C00BEEF-91A0-49CE-A70E-98CA4DEC2267}"
EndProject
Global
	GlobalSection(SolutionConfigurationPlatforms) = preSolution
		Debug|Any CPU = Debug|Any CPU
		Release|Any CPU = Release|Any CPU
	EndGlobalSection
	GlobalSection(ProjectConfigurationPlatforms) = postSolution
		{0C00BEEF-91A0-49CE-A70E-98CA4DEC2267}.Debug|Any CPU.ActiveCfg = Debug|Any CPU
		{0C00BEEF-91A0-49CE-A70E-98CA4DEC2267}.Debug|Any CPU.Build.0 = Debug|Any CPU
		{0C00BEEF-91A0-49CE-A70E-98CA4DEC2267}.Release|Any CPU.ActiveCfg = Release|Any CPU
		{0C00BEEF-91A0-49CE-A70E-98CA4DEC2267}.Release|Any CPU.Build.0 = Release|Any CPU
	EndGlobalSection
	GlobalSection(SolutionProperties) = preSolution
		HideSolutionNode = FALSE
	EndGlobalSection
	GlobalSection(ExtensibilityGlobals) = postSolution
		SolutionGuid = {0AD1FF2E-A9E0-40D9-A97D-4466F4F24EC9}
	EndGlobalSection
EndGlobal
