
Microsoft Visual Studio Solution File, Format Version 12.00
# Visual Studio Version 17
VisualStudioVersion = 17.4.33213.308
MinimumVisualStudioVersion = 10.0.40219.1
Project("{FAE04EC0-301F-11D3-BF4B-00C04F79EFBC}") = "lab2.1", "lab2.1\lab2.1.csproj", "{07E203E0-8F49-4CC9-BF4C-AFEE85984605}"
EndProject
Global
	GlobalSection(SolutionConfigurationPlatforms) = preSolution
		Debug|Any CPU = Debug|Any CPU
		Release|Any CPU = Release|Any CPU
	EndGlobalSection
	GlobalSection(ProjectConfigurationPlatforms) = postSolution
		{07E203E0-8F49-4CC9-BF4C-AFEE85984605}.Debug|Any CPU.ActiveCfg = Debug|Any CPU
		{07E203E0-8F49-4CC9-BF4C-AFEE85984605}.Debug|Any CPU.Build.0 = Debug|Any CPU
		{07E203E0-8F49-4CC9-BF4C-AFEE85984605}.Release|Any CPU.ActiveCfg = Release|Any CPU
		{07E203E0-8F49-4CC9-BF4C-AFEE85984605}.Release|Any CPU.Build.0 = Release|Any CPU
	EndGlobalSection
	GlobalSection(SolutionProperties) = preSolution
		HideSolutionNode = FALSE
	EndGlobalSection
	GlobalSection(ExtensibilityGlobals) = postSolution
		SolutionGuid = {8EBCA7C3-864E-45FD-B3B6-87523F7B7176}
	EndGlobalSection
EndGlobal
